{
  "name": "data_visualize",
  "lockfileVersion": 3,
  "requires": true,
  "packages": {
    "": {
      "dependencies": {
        "leaflet-rotatedmarker": "^0.2.0"
      }
    },
    "node_modules/leaflet-rotatedmarker": {
      "version": "0.2.0",
      "resolved": "https://registry.npmjs.org/leaflet-rotatedmarker/-/leaflet-rotatedmarker-0.2.0.tgz",
      "integrity": "sha512-yc97gxLXwbZa+Gk9VCcqI0CkvIBC9oNTTjFsHqq4EQvANrvaboib4UdeQLyTnEqDpaXHCqzwwVIDHtvz2mUiDg=="
    }
  }
}
